lockVersion: 2.0.0
id: 28ffc8f5-809c-432e-8ad9-2b06d91d28aa
management:
  docChecksum: a994a6728252a95f7a47a8b8789dab90
  docVersion: 1.0.0
  speakeasyVersion: internal
  generationVersion: 2.225.2
  releaseVersion: 2.1.1
  configChecksum: a6aee9c5084ca635abda9f534d691c6d
  repoURL: https://github.com/speakeasy-sdks/mPaella_test.git
  repoSubDirectory: .
  installationURL: https://github.com/speakeasy-sdks/mPaella_test
features:
  typescript:
    core: 3.4.1
    globalSecurity: 2.82.2
    globalServerURLs: 2.82.1
generatedFiles:
  - src/sdk/collection.ts
  - src/sdk/mint.ts
  - src/sdk/edit.ts
  - src/sdk/sdk.ts
  - .eslintrc.yml
  - jest.config.js
  - package-lock.json
  - package.json
  - src/index.ts
  - src/internal/utils/contenttype.ts
  - src/internal/utils/headers.ts
  - src/internal/utils/index.ts
  - src/internal/utils/pathparams.ts
  - src/internal/utils/queryparams.ts
  - src/internal/utils/requestbody.ts
  - src/internal/utils/retries.ts
  - src/internal/utils/security.ts
  - src/internal/utils/utils.ts
  - src/sdk/index.ts
  - src/sdk/models/errors/sdkerror.ts
  - src/sdk/types/index.ts
  - src/sdk/types/rfcdate.ts
  - tsconfig.json
  - src/sdk/models/operations/collectioninfo.ts
  - src/sdk/models/operations/createcollection.ts
  - src/sdk/models/operations/createcollectioncustom.ts
  - src/sdk/models/operations/disableroyaltyinformation.ts
  - src/sdk/models/operations/editroyaltyinformation.ts
  - src/sdk/models/operations/getroyaltyinformation.ts
  - src/sdk/models/operations/listcollections.ts
  - src/sdk/models/operations/mintnft.ts
  - src/sdk/models/operations/mintnftalpha.ts
  - src/sdk/models/operations/mintnftidempotentalpha.ts
  - src/sdk/models/operations/mintstatus.ts
  - src/sdk/models/operations/mintstatuslist.ts
  - src/sdk/models/operations/editnft.ts
  - src/sdk/models/shared/error.ts
  - src/sdk/models/shared/security.ts
  - src/sdk/models/errors/index.ts
  - src/sdk/models/operations/index.ts
  - src/sdk/models/shared/index.ts
  - docs/sdk/models/operations/collectioninforequest.md
  - docs/sdk/models/operations/collectioninforesponse.md
  - docs/sdk/models/operations/createcollectionchain.md
  - docs/sdk/models/operations/createcollectionmetadata.md
  - docs/sdk/models/operations/createcollectionrequestbody.md
  - docs/sdk/models/operations/createcollectionresponse.md
  - docs/sdk/models/operations/chain.md
  - docs/sdk/models/operations/metadata.md
  - docs/sdk/models/operations/createcollectioncustomrequestbody.md
  - docs/sdk/models/operations/createcollectioncustomrequest.md
  - docs/sdk/models/operations/createcollectioncustomresponse.md
  - docs/sdk/models/operations/disableroyaltyinformationrequest.md
  - docs/sdk/models/operations/disableroyaltyinformationresponse.md
  - docs/sdk/models/operations/recipients.md
  - docs/sdk/models/operations/editroyaltyinformationrequestbody.md
  - docs/sdk/models/operations/editroyaltyinformationrequest.md
  - docs/sdk/models/operations/editroyaltyinformationresponse.md
  - docs/sdk/models/operations/getroyaltyinformationrequest.md
  - docs/sdk/models/operations/getroyaltyinformationrecipients.md
  - docs/sdk/models/operations/getroyaltyinformationresponsebody.md
  - docs/sdk/models/operations/getroyaltyinformationresponse.md
  - docs/sdk/models/operations/listcollectionsresponse.md
  - docs/sdk/models/operations/mintnftrequestbody.md
  - docs/sdk/models/operations/mintnftrequest.md
  - docs/sdk/models/operations/mintnftresponse.md
  - docs/sdk/models/operations/mintnftalpharequestbody.md
  - docs/sdk/models/operations/mintnftalpharequest.md
  - docs/sdk/models/operations/onchain.md
  - docs/sdk/models/operations/mintnftalpharesponsebody.md
  - docs/sdk/models/operations/mintnftalpharesponse.md
  - docs/sdk/models/operations/mintnftidempotentalpharequestbody.md
  - docs/sdk/models/operations/mintnftidempotentalpharequest.md
  - docs/sdk/models/operations/mintnftidempotentalpharesponse.md
  - docs/sdk/models/operations/mintstatusrequest.md
  - docs/sdk/models/operations/mintstatusresponse.md
  - docs/sdk/models/operations/mintstatuslistrequest.md
  - docs/sdk/models/operations/mintstatuslistresponse.md
  - docs/sdk/models/operations/displaytype.md
  - docs/sdk/models/operations/attributes.md
  - docs/sdk/models/operations/editnftmetadata.md
  - docs/sdk/models/operations/editnftrequestbody.md
  - docs/sdk/models/operations/editnftrequest.md
  - docs/sdk/models/operations/editnftresponse.md
  - docs/sdk/models/shared/errort.md
  - docs/sdk/models/shared/security.md
  - docs/sdks/crossmintmain/README.md
  - docs/sdks/collection/README.md
  - docs/sdks/mint/README.md
  - docs/sdks/edit/README.md
  - USAGE.md
  - .gitattributes
